
Microsoft Visual Studio Solution File, Format Version 12.00
# Visual Studio Version 16
VisualStudioVersion = 16.0.32002.261
MinimumVisualStudioVersion = 10.0.40219.1
Project("{9A19103F-16F7-4668-BE54-9A1E7A4F7556}") = "PandorahVNC_dump", "PandorahVNC_dump.csproj", "{A572E7E6-CF36-40D7-A179-C51F1F5DB94C}"
EndProject
Global
	GlobalSection(SolutionConfigurationPlatforms) = preSolution
		Debug|Any CPU = Debug|Any CPU
		Release|Any CPU = Release|Any CPU
	EndGlobalSection
	GlobalSection(ProjectConfigurationPlatforms) = postSolution
		{A572E7E6-CF36-40D7-A179-C51F1F5DB94C}.Debug|Any CPU.ActiveCfg = Debug|Any CPU
		{A572E7E6-CF36-40D7-A179-C51F1F5DB94C}.Debug|Any CPU.Build.0 = Debug|Any CPU
		{A572E7E6-CF36-40D7-A179-C51F1F5DB94C}.Release|Any CPU.ActiveCfg = Release|Any CPU
		{A572E7E6-CF36-40D7-A179-C51F1F5DB94C}.Release|Any CPU.Build.0 = Release|Any CPU
	EndGlobalSection
	GlobalSection(SolutionProperties) = preSolution
		HideSolutionNode = FALSE
	EndGlobalSection
	GlobalSection(ExtensibilityGlobals) = postSolution
		SolutionGuid = {F81FABA1-77B8-414B-B9BF-20D58B305CB9}
	EndGlobalSection
EndGlobal
